
Microsoft Visual Studio Solution File, Format Version 12.00
# Visual Studio Version 16
VisualStudioVersion = 16.0.31410.357
MinimumVisualStudioVersion = 10.0.40219.1
Project("{FAE04EC0-301F-11D3-BF4B-00C04F79EFBC}") = "AlgorithmPrograms", "AlgorithmPrograms\AlgorithmPrograms.csproj", "{D8B04FAA-502E-461B-9807-D2C6923DA105}"
EndProject
Global
	GlobalSection(SolutionConfigurationPlatforms) = preSolution
		Debug|Any CPU = Debug|Any CPU
		Release|Any CPU = Release|Any CPU
	EndGlobalSection
	GlobalSection(ProjectConfigurationPlatforms) = postSolution
		{D8B04FAA-502E-461B-9807-D2C6923DA105}.Debug|Any CPU.ActiveCfg = Debug|Any CPU
		{D8B04FAA-502E-461B-9807-D2C6923DA105}.Debug|Any CPU.Build.0 = Debug|Any CPU
		{D8B04FAA-502E-461B-9807-D2C6923DA105}.Release|Any CPU.ActiveCfg = Release|Any CPU
		{D8B04FAA-502E-461B-9807-D2C6923DA105}.Release|Any CPU.Build.0 = Release|Any CPU
	EndGlobalSection
	GlobalSection(SolutionProperties) = preSolution
		HideSolutionNode = FALSE
	EndGlobalSection
	GlobalSection(ExtensibilityGlobals) = postSolution
		SolutionGuid = {979F6593-90AA-4B4A-8CA3-A65EE1126D5B}
	EndGlobalSection
EndGlobal
